Microsoft Visual Studio Solution File, Format Version 11.00
# Visual Studio 2008

Project("{24D36A97-620C-90D1-582D-2204E5CE2201}") = "3D_Game_Assignment", "Assembly-CSharp-firstpass.csproj", "{B0EEC0B0-C0B1-A0EF-9EF5-F59B14292DC4}"
EndProject
Project("{24D36A97-620C-90D1-582D-2204E5CE2201}") = "3D_Game_Assignment", "Assembly-CSharp.csproj", "{718882D8-CF86-B1BD-0067-8030179EDD4E}"
EndProject
Project("{24D36A97-620C-90D1-582D-2204E5CE2201}") = "3D_Game_Assignment", "Assembly-CSharp-Editor.csproj", "{4587030F-6740-7FA5-B466-17EAE6C847F4}"
EndProject
Global
	GlobalSection(SolutionConfigurationPlatforms) = preSolution
		Debug|Any CPU = Debug|Any CPU
		Release|Any CPU = Release|Any CPU
	EndGlobalSection
	GlobalSection(ProjectConfigurationPlatforms) = postSolution
		{B0EEC0B0-C0B1-A0EF-9EF5-F59B14292DC4}.Debug|Any CPU.ActiveCfg = Debug|Any CPU
		{B0EEC0B0-C0B1-A0EF-9EF5-F59B14292DC4}.Debug|Any CPU.Build.0 = Debug|Any CPU
		{B0EEC0B0-C0B1-A0EF-9EF5-F59B14292DC4}.Release|Any CPU.ActiveCfg = Release|Any CPU
		{B0EEC0B0-C0B1-A0EF-9EF5-F59B14292DC4}.Release|Any CPU.Build.0 = Release|Any CPU
		{718882D8-CF86-B1BD-0067-8030179EDD4E}.Debug|Any CPU.ActiveCfg = Debug|Any CPU
		{718882D8-CF86-B1BD-0067-8030179EDD4E}.Debug|Any CPU.Build.0 = Debug|Any CPU
		{718882D8-CF86-B1BD-0067-8030179EDD4E}.Release|Any CPU.ActiveCfg = Release|Any CPU
		{718882D8-CF86-B1BD-0067-8030179EDD4E}.Release|Any CPU.Build.0 = Release|Any CPU
		{4587030F-6740-7FA5-B466-17EAE6C847F4}.Debug|Any CPU.ActiveCfg = Debug|Any CPU
		{4587030F-6740-7FA5-B466-17EAE6C847F4}.Debug|Any CPU.Build.0 = Debug|Any CPU
		{4587030F-6740-7FA5-B466-17EAE6C847F4}.Release|Any CPU.ActiveCfg = Release|Any CPU
		{4587030F-6740-7FA5-B466-17EAE6C847F4}.Release|Any CPU.Build.0 = Release|Any CPU
	EndGlobalSection
	GlobalSection(SolutionProperties) = preSolution
		HideSolutionNode = FALSE
	EndGlobalSection
	GlobalSection(MonoDevelopProperties) = preSolution
		StartupItem = Assembly-CSharp.csproj
	EndGlobalSection
EndGlobal
